
Microsoft Visual Studio Solution File, Format Version 12.00
# Visual Studio Version 17
VisualStudioVersion = 17.2.32602.215
MinimumVisualStudioVersion = 10.0.40219.1
Project("{FAE04EC0-301F-11D3-BF4B-00C04F79EFBC}") = "BankEncapsulationExercise", "BankEncapsulationExercise\BankEncapsulationExercise.csproj", "{F2F6F2E9-693C-4878-8AF3-598F51D4F6C5}"
EndProject
Global
	GlobalSection(SolutionConfigurationPlatforms) = preSolution
		Debug|Any CPU = Debug|Any CPU
		Release|Any CPU = Release|Any CPU
	EndGlobalSection
	GlobalSection(ProjectConfigurationPlatforms) = postSolution
		{F2F6F2E9-693C-4878-8AF3-598F51D4F6C5}.Debug|Any CPU.ActiveCfg = Debug|Any CPU
		{F2F6F2E9-693C-4878-8AF3-598F51D4F6C5}.Debug|Any CPU.Build.0 = Debug|Any CPU
		{F2F6F2E9-693C-4878-8AF3-598F51D4F6C5}.Release|Any CPU.ActiveCfg = Release|Any CPU
		{F2F6F2E9-693C-4878-8AF3-598F51D4F6C5}.Release|Any CPU.Build.0 = Release|Any CPU
	EndGlobalSection
	GlobalSection(SolutionProperties) = preSolution
		HideSolutionNode = FALSE
	EndGlobalSection
	GlobalSection(ExtensibilityGlobals) = postSolution
		SolutionGuid = {275BFD53-7B4B-4B88-BEB2-D1D91067430D}
	EndGlobalSection
EndGlobal
